
Microsoft Visual Studio Solution File, Format Version 12.00
# Visual Studio Version 17
VisualStudioVersion = 17.4.33213.308
MinimumVisualStudioVersion = 10.0.40219.1
Project("{9A19103F-16F7-4668-BE54-9A1E7A4F7556}") = "WinformApp", "WinformApp\WinformApp.csproj", "{BFFB9109-58D6-49F3-9177-B6D632649CC8}"
EndProject
Project("{FAE04EC0-301F-11D3-BF4B-00C04F79EFBC}") = "wEBFORMapp", "wEBFORMapp\wEBFORMapp.csproj", "{A7FE390E-E0F6-41BB-B0F6-95DB73A44025}"
EndProject
Global
	GlobalSection(SolutionConfigurationPlatforms) = preSolution
		Debug|Any CPU = Debug|Any CPU
		Release|Any CPU = Release|Any CPU
	EndGlobalSection
	GlobalSection(ProjectConfigurationPlatforms) = postSolution
		{BFFB9109-58D6-49F3-9177-B6D632649CC8}.Debug|Any CPU.ActiveCfg = Debug|Any CPU
		{BFFB9109-58D6-49F3-9177-B6D632649CC8}.Debug|Any CPU.Build.0 = Debug|Any CPU
		{BFFB9109-58D6-49F3-9177-B6D632649CC8}.Release|Any CPU.ActiveCfg = Release|Any CPU
		{BFFB9109-58D6-49F3-9177-B6D632649CC8}.Release|Any CPU.Build.0 = Release|Any CPU
		{A7FE390E-E0F6-41BB-B0F6-95DB73A44025}.Debug|Any CPU.ActiveCfg = Debug|Any CPU
		{A7FE390E-E0F6-41BB-B0F6-95DB73A44025}.Debug|Any CPU.Build.0 = Debug|Any CPU
		{A7FE390E-E0F6-41BB-B0F6-95DB73A44025}.Release|Any CPU.ActiveCfg = Release|Any CPU
		{A7FE390E-E0F6-41BB-B0F6-95DB73A44025}.Release|Any CPU.Build.0 = Release|Any CPU
	EndGlobalSection
	GlobalSection(SolutionProperties) = preSolution
		HideSolutionNode = FALSE
	EndGlobalSection
	GlobalSection(ExtensibilityGlobals) = postSolution
		SolutionGuid = {0B6F2915-D141-49C5-912F-C16BD8F30EFE}
	EndGlobalSection
EndGlobal
